
Microsoft Visual Studio Solution File, Format Version 12.00
# Visual Studio Version 17
VisualStudioVersion = 17.8.34330.188
MinimumVisualStudioVersion = 10.0.40219.1
Project("{888888A0-9F3D-457C-B088-3A5042F75D52}") = "PythonAssignment", "PythonAssignment\PythonAssignment.pyproj", "{A1C9A72F-8834-4CAF-94D4-61D77356DFD5}"
EndProject
Global
	GlobalSection(SolutionConfigurationPlatforms) = preSolution
		Debug|Any CPU = Debug|Any CPU
		Release|Any CPU = Release|Any CPU
	EndGlobalSection
	GlobalSection(ProjectConfigurationPlatforms) = postSolution
		{A1C9A72F-8834-4CAF-94D4-61D77356DFD5}.Debug|Any CPU.ActiveCfg = Debug|Any CPU
		{A1C9A72F-8834-4CAF-94D4-61D77356DFD5}.Release|Any CPU.ActiveCfg = Release|Any CPU
	EndGlobalSection
	GlobalSection(SolutionProperties) = preSolution
		HideSolutionNode = FALSE
	EndGlobalSection
	GlobalSection(ExtensibilityGlobals) = postSolution
		SolutionGuid = {D0141AA8-96EB-4B51-AF7D-9CB1C8545092}
	EndGlobalSection
EndGlobal
